// !$*UTF8*$!
{
	archiveVersion = 1;
	classes = {
	};
	objectVersion = 77;
	objects = {

/* Begin PBXBuildFile section */
		4AEBEBBB2E9836C2007DE798 /* AppAuth in Frameworks */ = {isa = PBXBuildFile; productRef = 4AEBEBBA2E9836C2007DE798 /* AppAuth */; };
		4AEBEBBD2E9836C2007DE798 /* AppAuthCore in Frameworks */ = {isa = PBXBuildFile; productRef = 4AEBEBBC2E9836C2007DE798 /* AppAuthCore */; };
		4AEBEBBF2E9836FB007DE798 /* LibSignalClient.framework in Frameworks */ = {isa = PBXBuildFile; fileRef = 4AEBEBBE2E9836FB007DE798 /* LibSignalClient.framework */; };
		EF5AC953EDA13D9A02BA3056 /* Pods_sekretess.framework in Frameworks */ = {isa = PBXBuildFile; fileRef = 76F55CD84EB5C149CF0CE554 /* Pods_sekretess.framework */; };
/* End PBXBuildFile section */

/* Begin PBXContainerItemProxy section */
		4A9522222E81B09400355F69 /* PBXContainerItemProxy */ = {
			isa = PBXContainerItemProxy;
			containerPortal = 4A9522032E81B09300355F69 /* Project object */;
			proxyType = 1;
			remoteGlobalIDString = 4A95220A2E81B09300355F69;
			remoteInfo = sekretess;
		};
		4A95222C2E81B09400355F69 /* PBXContainerItemProxy */ = {
			isa = PBXContainerItemProxy;
			containerPortal = 4A9522032E81B09300355F69 /* Project object */;
			proxyType = 1;
			remoteGlobalIDString = 4A95220A2E81B09300355F69;
			remoteInfo = sekretess;
		};
/* End PBXContainerItemProxy section */

/* Begin PBXFileReference section */
		32EB033ECDE103210CF36543 /* Pods-sekretess.debug.xcconfig */ = {isa = PBXFileReference; includeInIndex = 1; lastKnownFileType = text.xcconfig; name = "Pods-sekretess.debug.xcconfig"; path = "Target Support Files/Pods-sekretess/Pods-sekretess.debug.xcconfig"; sourceTree = "<group>"; };
		4552A1D91D66BCA5ED354094 /* Pods-sekretess.release.xcconfig */ = {isa = PBXFileReference; includeInIndex = 1; lastKnownFileType = text.xcconfig; name = "Pods-sekretess.release.xcconfig"; path = "Target Support Files/Pods-sekretess/Pods-sekretess.release.xcconfig"; sourceTree = "<group>"; };
		4A95220B2E81B09300355F69 /* sekretess.app */ = {isa = PBXFileReference; explicitFileType = wrapper.application; includeInIndex = 0; path = sekretess.app; sourceTree = BUILT_PRODUCTS_DIR; };
		4A9522212E81B09400355F69 /* sekretessTests.xctest */ = {isa = PBXFileReference; explicitFileType = wrapper.cfbundle; includeInIndex = 0; path = sekretessTests.xctest; sourceTree = BUILT_PRODUCTS_DIR; };
		4A95222B2E81B09400355F69 /* sekretessUITests.xctest */ = {isa = PBXFileReference; explicitFileType = wrapper.cfbundle; includeInIndex = 0; path = sekretessUITests.xctest; sourceTree = BUILT_PRODUCTS_DIR; };
		4AEBEBBE2E9836FB007DE798 /* LibSignalClient.framework */ = {isa = PBXFileReference; explicitFileType = wrapper.framework; path = LibSignalClient.framework; sourceTree = BUILT_PRODUCTS_DIR; };
		76F55CD84EB5C149CF0CE554 /* Pods_sekretess.framework */ = {isa = PBXFileReference; explicitFileType = wrapper.framework; includeInIndex = 0; path = Pods_sekretess.framework; sourceTree = BUILT_PRODUCTS_DIR; };
/* End PBXFileReference section */

/* Begin PBXFileSystemSynchronizedBuildFileExceptionSet section */
		4A9522332E81B09400355F69 /* Exceptions for "sekretess" folder in "sekretess" target */ = {
			isa = PBXFileSystemSynchronizedBuildFileExceptionSet;
			membershipExceptions = (
				Info.plist,
			);
			target = 4A95220A2E81B09300355F69 /* sekretess */;
		};
/* End PBXFileSystemSynchronizedBuildFileExceptionSet section */

/* Begin PBXFileSystemSynchronizedRootGroup section */
		4A95220D2E81B09300355F69 /* sekretess */ = {
			isa = PBXFileSystemSynchronizedRootGroup;
			exceptions = (
				4A9522332E81B09400355F69 /* Exceptions for "sekretess" folder in "sekretess" target */,
			);
			path = sekretess;
			sourceTree = "<group>";
		};
		4A9522242E81B09400355F69 /* sekretessTests */ = {
			isa = PBXFileSystemSynchronizedRootGroup;
			path = sekretessTests;
			sourceTree = "<group>";
		};
		4A95222E2E81B09400355F69 /* sekretessUITests */ = {
			isa = PBXFileSystemSynchronizedRootGroup;
			path = sekretessUITests;
			sourceTree = "<group>";
		};
/* End PBXFileSystemSynchronizedRootGroup section */

/* Begin PBXFrameworksBuildPhase section */
		4A9522082E81B09300355F69 /* Frameworks */ = {
			isa = PBXFrameworksBuildPhase;
			buildActionMask = 2147483647;
			files = (
				4AEBEBBB2E9836C2007DE798 /* AppAuth in Frameworks */,
				4AEBEBBF2E9836FB007DE798 /* LibSignalClient.framework in Frameworks */,
				4AEBEBBD2E9836C2007DE798 /* AppAuthCore in Frameworks */,
				EF5AC953EDA13D9A02BA3056 /* Pods_sekretess.framework in Frameworks */,
			);
			runOnlyForDeploymentPostprocessing = 0;
		};
		4A95221E2E81B09400355F69 /* Frameworks */ = {
			isa = PBXFrameworksBuildPhase;
			buildActionMask = 2147483647;
			files = (
			);
			runOnlyForDeploymentPostprocessing = 0;
		};
		4A9522282E81B09400355F69 /* Frameworks */ = {
			isa = PBXFrameworksBuildPhase;
			buildActionMask = 2147483647;
			files = (
			);
			runOnlyForDeploymentPostprocessing = 0;
		};
/* End PBXFrameworksBuildPhase section */

/* Begin PBXGroup section */
		1768CE19C6A14D913EA0A8F9 /* Pods */ = {
			isa = PBXGroup;
			children = (
				32EB033ECDE103210CF36543 /* Pods-sekretess.debug.xcconfig */,
				4552A1D91D66BCA5ED354094 /* Pods-sekretess.release.xcconfig */,
			);
			path = Pods;
			sourceTree = "<group>";
		};
		4A9522022E81B09300355F69 = {
			isa = PBXGroup;
			children = (
				4A95220D2E81B09300355F69 /* sekretess */,
				4A9522242E81B09400355F69 /* sekretessTests */,
				4A95222E2E81B09400355F69 /* sekretessUITests */,
				4A95220C2E81B09300355F69 /* Products */,
				1768CE19C6A14D913EA0A8F9 /* Pods */,
				B32D00F891B6AD4DF124DF03 /* Frameworks */,
			);
			sourceTree = "<group>";
		};
		4A95220C2E81B09300355F69 /* Products */ = {
			isa = PBXGroup;
			children = (
				4A95220B2E81B09300355F69 /* sekretess.app */,
				4A9522212E81B09400355F69 /* sekretessTests.xctest */,
				4A95222B2E81B09400355F69 /* sekretessUITests.xctest */,
			);
			name = Products;
			sourceTree = "<group>";
		};
		B32D00F891B6AD4DF124DF03 /* Frameworks */ = {
			isa = PBXGroup;
			children = (
				4AEBEBBE2E9836FB007DE798 /* LibSignalClient.framework */,
				76F55CD84EB5C149CF0CE554 /* Pods_sekretess.framework */,
			);
			name = Frameworks;
			sourceTree = "<group>";
		};
/* End PBXGroup section */

/* Begin PBXNativeTarget section */
		4A95220A2E81B09300355F69 /* sekretess */ = {
			isa = PBXNativeTarget;
			buildConfigurationList = 4A9522342E81B09400355F69 /* Build configuration list for PBXNativeTarget "sekretess" */;
			buildPhases = (
				2BF02A1BA697F7E3D03646F1 /* [CP] Check Pods Manifest.lock */,
				4A9522072E81B09300355F69 /* Sources */,
				4A9522082E81B09300355F69 /* Frameworks */,
				4A9522092E81B09300355F69 /* Resources */,
				635FCB450FDCA88D95D36C6F /* [CP] Embed Pods Frameworks */,
			);
			buildRules = (
			);
			dependencies = (
			);
			fileSystemSynchronizedGroups = (
				4A95220D2E81B09300355F69 /* sekretess */,
			);
			name = sekretess;
			productName = sekretess;
			productReference = 4A95220B2E81B09300355F69 /* sekretess.app */;
			productType = "com.apple.product-type.application";
		};
		4A9522202E81B09400355F69 /* sekretessTests */ = {
			isa = PBXNativeTarget;
			buildConfigurationList = 4A9522392E81B09400355F69 /* Build configuration list for PBXNativeTarget "sekretessTests" */;
			buildPhases = (
				4A95221D2E81B09400355F69 /* Sources */,
				4A95221E2E81B09400355F69 /* Frameworks */,
				4A95221F2E81B09400355F69 /* Resources */,
			);
			buildRules = (
			);
			dependencies = (
				4A9522232E81B09400355F69 /* PBXTargetDependency */,
			);
			fileSystemSynchronizedGroups = (
				4A9522242E81B09400355F69 /* sekretessTests */,
			);
			name = sekretessTests;
			productName = sekretessTests;
			productReference = 4A9522212E81B09400355F69 /* sekretessTests.xctest */;
			productType = "com.apple.product-type.bundle.unit-test";
		};
		4A95222A2E81B09400355F69 /* sekretessUITests */ = {
			isa = PBXNativeTarget;
			buildConfigurationList = 4A95223C2E81B09400355F69 /* Build configuration list for PBXNativeTarget "sekretessUITests" */;
			buildPhases = (
				4A9522272E81B09400355F69 /* Sources */,
				4A9522282E81B09400355F69 /* Frameworks */,
				4A9522292E81B09400355F69 /* Resources */,
			);
			buildRules = (
			);
			dependencies = (
				4A95222D2E81B09400355F69 /* PBXTargetDependency */,
			);
			fileSystemSynchronizedGroups = (
				4A95222E2E81B09400355F69 /* sekretessUITests */,
			);
			name = sekretessUITests;
			productName = sekretessUITests;
			productReference = 4A95222B2E81B09400355F69 /* sekretessUITests.xctest */;
			productType = "com.apple.product-type.bundle.ui-testing";
		};
/* End PBXNativeTarget section */

/* Begin PBXProject section */
		4A9522032E81B09300355F69 /* Project object */ = {
			isa = PBXProject;
			attributes = {
				BuildIndependentTargetsInParallel = 1;
				LastSwiftUpdateCheck = 2600;
				LastUpgradeCheck = 2600;
				TargetAttributes = {
					4A95220A2E81B09300355F69 = {
						CreatedOnToolsVersion = 26.0;
					};
					4A9522202E81B09400355F69 = {
						CreatedOnToolsVersion = 26.0;
						TestTargetID = 4A95220A2E81B09300355F69;
					};
					4A95222A2E81B09400355F69 = {
						CreatedOnToolsVersion = 26.0;
						TestTargetID = 4A95220A2E81B09300355F69;
					};
				};
			};
			buildConfigurationList = 4A9522062E81B09300355F69 /* Build configuration list for PBXProject "sekretess" */;
			developmentRegion = en;
			hasScannedForEncodings = 0;
			knownRegions = (
				en,
				Base,
			);
			mainGroup = 4A9522022E81B09300355F69;
			minimizedProjectReferenceProxies = 1;
			packageReferences = (
				4AEBEBB92E983696007DE798 /* XCRemoteSwiftPackageReference "AppAuth-iOS" */,
			);
			preferredProjectObjectVersion = 77;
			productRefGroup = 4A95220C2E81B09300355F69 /* Products */;
			projectDirPath = "";
			projectRoot = "";
			targets = (
				4A95220A2E81B09300355F69 /* sekretess */,
				4A9522202E81B09400355F69 /* sekretessTests */,
				4A95222A2E81B09400355F69 /* sekretessUITests */,
			);
		};
/* End PBXProject section */

/* Begin PBXResourcesBuildPhase section */
		4A9522092E81B09300355F69 /* Resources */ = {
			isa = PBXResourcesBuildPhase;
			buildActionMask = 2147483647;
			files = (
			);
			runOnlyForDeploymentPostprocessing = 0;
		};
		4A95221F2E81B09400355F69 /* Resources */ = {
			isa = PBXResourcesBuildPhase;
			buildActionMask = 2147483647;
			files = (
			);
			runOnlyForDeploymentPostprocessing = 0;
		};
		4A9522292E81B09400355F69 /* Resources */ = {
			isa = PBXResourcesBuildPhase;
			buildActionMask = 2147483647;
			files = (
			);
			runOnlyForDeploymentPostprocessing = 0;
		};
/* End PBXResourcesBuildPhase section */

/* Begin PBXShellScriptBuildPhase section */
		2BF02A1BA697F7E3D03646F1 /* [CP] Check Pods Manifest.lock */ = {
			isa = PBXShellScriptBuildPhase;
			buildActionMask = 2147483647;
			files = (
			);
			inputFileListPaths = (
			);
			inputPaths = (
				"${PODS_PODFILE_DIR_PATH}/Podfile.lock",
				"${PODS_ROOT}/Manifest.lock",
			);
			name = "[CP] Check Pods Manifest.lock";
			outputFileListPaths = (
			);
			outputPaths = (
				"$(DERIVED_FILE_DIR)/Pods-sekretess-checkManifestLockResult.txt",
			);
			runOnlyForDeploymentPostprocessing = 0;
			shellPath = /bin/sh;
			shellScript = "diff \"${PODS_PODFILE_DIR_PATH}/Podfile.lock\" \"${PODS_ROOT}/Manifest.lock\" > /dev/null\nif [ $? != 0 ] ; then\n    # print error to STDERR\n    echo \"error: The sandbox is not in sync with the Podfile.lock. Run 'pod install' or update your CocoaPods installation.\" >&2\n    exit 1\nfi\n# This output is used by Xcode 'outputs' to avoid re-running this script phase.\necho \"SUCCESS\" > \"${SCRIPT_OUTPUT_FILE_0}\"\n";
			showEnvVarsInLog = 0;
		};
		635FCB450FDCA88D95D36C6F /* [CP] Embed Pods Frameworks */ = {
			isa = PBXShellScriptBuildPhase;
			buildActionMask = 2147483647;
			files = (
			);
			inputFileListPaths = (
				"${PODS_ROOT}/Target Support Files/Pods-sekretess/Pods-sekretess-frameworks-${CONFIGURATION}-input-files.xcfilelist",
			);
			inputPaths = (
			);
			name = "[CP] Embed Pods Frameworks";
			outputFileListPaths = (
				"${PODS_ROOT}/Target Support Files/Pods-sekretess/Pods-sekretess-frameworks-${CONFIGURATION}-output-files.xcfilelist",
			);
			outputPaths = (
			);
			runOnlyForDeploymentPostprocessing = 0;
			shellPath = /bin/sh;
			shellScript = "\"${PODS_ROOT}/Target Support Files/Pods-sekretess/Pods-sekretess-frameworks.sh\"\n";
			showEnvVarsInLog = 0;
		};
/* End PBXShellScriptBuildPhase section */

/* Begin PBXSourcesBuildPhase section */
		4A9522072E81B09300355F69 /* Sources */ = {
			isa = PBXSourcesBuildPhase;
			buildActionMask = 2147483647;
			files = (
			);
			runOnlyForDeploymentPostprocessing = 0;
		};
		4A95221D2E81B09400355F69 /* Sources */ = {
			isa = PBXSourcesBuildPhase;
			buildActionMask = 2147483647;
			files = (
			);
			runOnlyForDeploymentPostprocessing = 0;
		};
		4A9522272E81B09400355F69 /* Sources */ = {
			isa = PBXSourcesBuildPhase;
			buildActionMask = 2147483647;
			files = (
			);
			runOnlyForDeploymentPostprocessing = 0;
		};
/* End PBXSourcesBuildPhase section */

/* Begin PBXTargetDependency section */
		4A9522232E81B09400355F69 /* PBXTargetDependency */ = {
			isa = PBXTargetDependency;
			target = 4A95220A2E81B09300355F69 /* sekretess */;
			targetProxy = 4A9522222E81B09400355F69 /* PBXContainerItemProxy */;
		};
		4A95222D2E81B09400355F69 /* PBXTargetDependency */ = {
			isa = PBXTargetDependency;
			target = 4A95220A2E81B09300355F69 /* sekretess */;
			targetProxy = 4A95222C2E81B09400355F69 /* PBXContainerItemProxy */;
		};
/* End PBXTargetDependency section */

/* Begin XCBuildConfiguration section */
		4A9522352E81B09400355F69 /* Debug */ = {
			isa = XCBuildConfiguration;
			baseConfigurationReference = 32EB033ECDE103210CF36543 /* Pods-sekretess.debug.xcconfig */;
			buildSettings = {
				ASSETCATALOG_COMPILER_APPICON_NAME = AppIcon;
				ASSETCATALOG_COMPILER_GLOBAL_ACCENT_COLOR_NAME = AccentColor;
				CODE_SIGN_STYLE = Automatic;
				CURRENT_PROJECT_VERSION = 1;
				DEVELOPMENT_TEAM = 9C5Z4KRPBC;
				FRAMEWORK_SEARCH_PATHS = (
					"$(inherited)",
					"\"${PODS_CONFIGURATION_BUILD_DIR}/LibSignalClient\"/**",
					"\"$(SRCROOT)/Pods\"/**",
				);
				GENERATE_INFOPLIST_FILE = YES;
				HEADER_SEARCH_PATHS = (
					"$(inherited)",
					"\"${PODS_CONFIGURATION_BUILD_DIR}/LibSignalClient/LibSignalClient.framework/Headers\"",
					"\"$(SRCROOT)/Pods\"/**",
				);
				INFOPLIST_FILE = sekretess/Info.plist;
				INFOPLIST_KEY_UIApplicationSupportsIndirectInputEvents = YES;
				INFOPLIST_KEY_UILaunchStoryboardName = LaunchScreen;
				INFOPLIST_KEY_UIMainStoryboardFile = Main;
				INFOPLIST_KEY_UISupportedInterfaceOrientations_iPad = "UIInterfaceOrientationPortrait UIInterfaceOrientationPortraitUpsideDown UIInterfaceOrientationLandscapeLeft UIInterfaceOrientationLandscapeRight";
				INFOPLIST_KEY_UISupportedInterfaceOrientations_iPhone = "UIInterfaceOrientationPortrait UIInterfaceOrientationLandscapeLeft UIInterfaceOrientationLandscapeRight";
				LD_RUNPATH_SEARCH_PATHS = (
					"$(inherited)",
					"@executable_path/Frameworks",
					"$(SRCROOT)/Pods",
				);
				MARKETING_VERSION = 1.0;
				PRODUCT_BUNDLE_IDENTIFIER = io.sekretess;
				PRODUCT_NAME = "$(TARGET_NAME)";
				STRING_CATALOG_GENERATE_SYMBOLS = YES;
				SWIFT_APPROACHABLE_CONCURRENCY = YES;
				SWIFT_COMPILATION_MODE = wholemodule;
				SWIFT_DEFAULT_ACTOR_ISOLATION = MainActor;
				SWIFT_EMIT_LOC_STRINGS = YES;
				SWIFT_UPCOMING_FEATURE_MEMBER_IMPORT_VISIBILITY = YES;
				SWIFT_VERSION = 5.0;
				TARGETED_DEVICE_FAMILY = "1,2";
			};
			name = Debug;
		};
		4A9522362E81B09400355F69 /* Release */ = {
			isa = XCBuildConfiguration;
			baseConfigurationReference = 4552A1D91D66BCA5ED354094 /* Pods-sekretess.release.xcconfig */;
			buildSettings = {
				ASSETCATALOG_COMPILER_APPICON_NAME = AppIcon;
				ASSETCATALOG_COMPILER_GLOBAL_ACCENT_COLOR_NAME = AccentColor;
				CODE_SIGN_STYLE = Automatic;
				CURRENT_PROJECT_VERSION = 1;
				DEVELOPMENT_TEAM = 9C5Z4KRPBC;
				FRAMEWORK_SEARCH_PATHS = (
					"$(inherited)",
					"\"${PODS_CONFIGURATION_BUILD_DIR}/LibSignalClient\"/**",
					"\"$(SRCROOT)/Pods\"/**",
				);
				GENERATE_INFOPLIST_FILE = YES;
				HEADER_SEARCH_PATHS = (
					"$(inherited)",
					"\"${PODS_CONFIGURATION_BUILD_DIR}/LibSignalClient/LibSignalClient.framework/Headers\"",
					"\"$(SRCROOT)/Pods\"/**",
				);
				INFOPLIST_FILE = sekretess/Info.plist;
				INFOPLIST_KEY_UIApplicationSupportsIndirectInputEvents = YES;
				INFOPLIST_KEY_UILaunchStoryboardName = LaunchScreen;
				INFOPLIST_KEY_UIMainStoryboardFile = Main;
				INFOPLIST_KEY_UISupportedInterfaceOrientations_iPad = "UIInterfaceOrientationPortrait UIInterfaceOrientationPortraitUpsideDown UIInterfaceOrientationLandscapeLeft UIInterfaceOrientationLandscapeRight";
				INFOPLIST_KEY_UISupportedInterfaceOrientations_iPhone = "UIInterfaceOrientationPortrait UIInterfaceOrientationLandscapeLeft UIInterfaceOrientationLandscapeRight";
				LD_RUNPATH_SEARCH_PATHS = (
					"$(inherited)",
					"@executable_path/Frameworks",
					"$(SRCROOT)/Pods",
				);
				MARKETING_VERSION = 1.0;
				PRODUCT_BUNDLE_IDENTIFIER = io.sekretess;
				PRODUCT_NAME = "$(TARGET_NAME)";
				STRING_CATALOG_GENERATE_SYMBOLS = YES;
				SWIFT_APPROACHABLE_CONCURRENCY = YES;
				SWIFT_DEFAULT_ACTOR_ISOLATION = MainActor;
				SWIFT_EMIT_LOC_STRINGS = YES;
				SWIFT_UPCOMING_FEATURE_MEMBER_IMPORT_VISIBILITY = YES;
				SWIFT_VERSION = 5.0;
				TARGETED_DEVICE_FAMILY = "1,2";
			};
			name = Release;
		};
		4A9522372E81B09400355F69 /* Debug */ = {
			isa = XCBuildConfiguration;
			buildSettings = {
				ALWAYS_SEARCH_USER_PATHS = NO;
				ASSETCATALOG_COMPILER_GENERATE_SWIFT_ASSET_SYMBOL_EXTENSIONS = YES;
				CLANG_ANALYZER_NONNULL = YES;
				CLANG_ANALYZER_NUMBER_OBJECT_CONVERSION = YES_AGGRESSIVE;
				CLANG_CXX_LANGUAGE_STANDARD = "gnu++20";
				CLANG_ENABLE_MODULES = YES;
				CLANG_ENABLE_OBJC_ARC = YES;
				CLANG_ENABLE_OBJC_WEAK = YES;
				CLANG_WARN_BLOCK_CAPTURE_AUTORELEASING = YES;
				CLANG_WARN_BOOL_CONVERSION = YES;
				CLANG_WARN_COMMA = YES;
				CLANG_WARN_CONSTANT_CONVERSION = YES;
				CLANG_WARN_DEPRECATED_OBJC_IMPLEMENTATIONS = YES;
				CLANG_WARN_DIRECT_OBJC_ISA_USAGE = YES_ERROR;
				CLANG_WARN_DOCUMENTATION_COMMENTS = YES;
				CLANG_WARN_EMPTY_BODY = YES;
				CLANG_WARN_ENUM_CONVERSION = YES;
				CLANG_WARN_INFINITE_RECURSION = YES;
				CLANG_WARN_INT_CONVERSION = YES;
				CLANG_WARN_NON_LITERAL_NULL_CONVERSION = YES;
				CLANG_WARN_OBJC_IMPLICIT_RETAIN_SELF = YES;
				CLANG_WARN_OBJC_LITERAL_CONVERSION = YES;
				CLANG_WARN_OBJC_ROOT_CLASS = YES_ERROR;
				CLANG_WARN_QUOTED_INCLUDE_IN_FRAMEWORK_HEADER = YES;
				CLANG_WARN_RANGE_LOOP_ANALYSIS = YES;
				CLANG_WARN_STRICT_PROTOTYPES = YES;
				CLANG_WARN_SUSPICIOUS_MOVE = YES;
				CLANG_WARN_UNGUARDED_AVAILABILITY = YES_AGGRESSIVE;
				CLANG_WARN_UNREACHABLE_CODE = YES;
				CLANG_WARN__DUPLICATE_METHOD_MATCH = YES;
				COPY_PHASE_STRIP = NO;
				DEBUG_INFORMATION_FORMAT = dwarf;
				ENABLE_STRICT_OBJC_MSGSEND = YES;
				ENABLE_TESTABILITY = YES;
				ENABLE_USER_SCRIPT_SANDBOXING = NO;
				GCC_C_LANGUAGE_STANDARD = gnu17;
				GCC_DYNAMIC_NO_PIC = NO;
				GCC_NO_COMMON_BLOCKS = YES;
				GCC_OPTIMIZATION_LEVEL = 0;
				GCC_PREPROCESSOR_DEFINITIONS = (
					"DEBUG=1",
					"$(inherited)",
				);
				GCC_WARN_64_TO_32_BIT_CONVERSION = YES;
				GCC_WARN_ABOUT_RETURN_TYPE = YES_ERROR;
				GCC_WARN_UNDECLARED_SELECTOR = YES;
				GCC_WARN_UNINITIALIZED_AUTOS = YES_AGGRESSIVE;
				GCC_WARN_UNUSED_FUNCTION = YES;
				GCC_WARN_UNUSED_VARIABLE = YES;
				IPHONEOS_DEPLOYMENT_TARGET = 17.6;
				LOCALIZATION_PREFERS_STRING_CATALOGS = YES;
				MTL_ENABLE_DEBUG_INFO = INCLUDE_SOURCE;
				MTL_FAST_MATH = YES;
				ONLY_ACTIVE_ARCH = YES;
				SDKROOT = iphoneos;
				SWIFT_ACTIVE_COMPILATION_CONDITIONS = "DEBUG $(inherited)";
				SWIFT_OPTIMIZATION_LEVEL = "-Onone";
			};
			name = Debug;
		};
		4A9522382E81B09400355F69 /* Release */ = {
			isa = XCBuildConfiguration;
			buildSettings = {
				ALWAYS_SEARCH_USER_PATHS = NO;
				ASSETCATALOG_COMPILER_GENERATE_SWIFT_ASSET_SYMBOL_EXTENSIONS = YES;
				CLANG_ANALYZER_NONNULL = YES;
				CLANG_ANALYZER_NUMBER_OBJECT_CONVERSION = YES_AGGRESSIVE;
				CLANG_CXX_LANGUAGE_STANDARD = "gnu++20";
				CLANG_ENABLE_MODULES = YES;
				CLANG_ENABLE_OBJC_ARC = YES;
				CLANG_ENABLE_OBJC_WEAK = YES;
				CLANG_WARN_BLOCK_CAPTURE_AUTORELEASING = YES;
				CLANG_WARN_BOOL_CONVERSION = YES;
				CLANG_WARN_COMMA = YES;
				CLANG_WARN_CONSTANT_CONVERSION = YES;
				CLANG_WARN_DEPRECATED_OBJC_IMPLEMENTATIONS = YES;
				CLANG_WARN_DIRECT_OBJC_ISA_USAGE = YES_ERROR;
				CLANG_WARN_DOCUMENTATION_COMMENTS = YES;
				CLANG_WARN_EMPTY_BODY = YES;
				CLANG_WARN_ENUM_CONVERSION = YES;
				CLANG_WARN_INFINITE_RECURSION = YES;
				CLANG_WARN_INT_CONVERSION = YES;
				CLANG_WARN_NON_LITERAL_NULL_CONVERSION = YES;
				CLANG_WARN_OBJC_IMPLICIT_RETAIN_SELF = YES;
				CLANG_WARN_OBJC_LITERAL_CONVERSION = YES;
				CLANG_WARN_OBJC_ROOT_CLASS = YES_ERROR;
				CLANG_WARN_QUOTED_INCLUDE_IN_FRAMEWORK_HEADER = YES;
				CLANG_WARN_RANGE_LOOP_ANALYSIS = YES;
				CLANG_WARN_STRICT_PROTOTYPES = YES;
				CLANG_WARN_SUSPICIOUS_MOVE = YES;
				CLANG_WARN_UNGUARDED_AVAILABILITY = YES_AGGRESSIVE;
				CLANG_WARN_UNREACHABLE_CODE = YES;
				CLANG_WARN__DUPLICATE_METHOD_MATCH = YES;
				COPY_PHASE_STRIP = NO;
				DEBUG_INFORMATION_FORMAT = "dwarf-with-dsym";
				ENABLE_NS_ASSERTIONS = NO;
				ENABLE_STRICT_OBJC_MSGSEND = YES;
				ENABLE_USER_SCRIPT_SANDBOXING = NO;
				GCC_C_LANGUAGE_STANDARD = gnu17;
				GCC_NO_COMMON_BLOCKS = YES;
				GCC_WARN_64_TO_32_BIT_CONVERSION = YES;
				GCC_WARN_ABOUT_RETURN_TYPE = YES_ERROR;
				GCC_WARN_UNDECLARED_SELECTOR = YES;
				GCC_WARN_UNINITIALIZED_AUTOS = YES_AGGRESSIVE;
				GCC_WARN_UNUSED_FUNCTION = YES;
				GCC_WARN_UNUSED_VARIABLE = YES;
				IPHONEOS_DEPLOYMENT_TARGET = 17.6;
				LOCALIZATION_PREFERS_STRING_CATALOGS = YES;
				MTL_ENABLE_DEBUG_INFO = NO;
				MTL_FAST_MATH = YES;
				SDKROOT = iphoneos;
				SWIFT_COMPILATION_MODE = wholemodule;
				VALIDATE_PRODUCT = YES;
			};
			name = Release;
		};
		4A95223A2E81B09400355F69 /* Debug */ = {
			isa = XCBuildConfiguration;
			buildSettings = {
				BUNDLE_LOADER = "$(TEST_HOST)";
				CODE_SIGN_STYLE = Automatic;
				CURRENT_PROJECT_VERSION = 1;
				GENERATE_INFOPLIST_FILE = YES;
				IPHONEOS_DEPLOYMENT_TARGET = 26.0;
				MARKETING_VERSION = 1.0;
				PRODUCT_BUNDLE_IDENTIFIER = io.sekretessTests;
				PRODUCT_NAME = "$(TARGET_NAME)";
				STRING_CATALOG_GENERATE_SYMBOLS = NO;
				SWIFT_APPROACHABLE_CONCURRENCY = YES;
				SWIFT_EMIT_LOC_STRINGS = NO;
				SWIFT_UPCOMING_FEATURE_MEMBER_IMPORT_VISIBILITY = YES;
				SWIFT_VERSION = 5.0;
				TARGETED_DEVICE_FAMILY = "1,2";
				TEST_HOST = "$(BUILT_PRODUCTS_DIR)/sekretess.app/$(BUNDLE_EXECUTABLE_FOLDER_PATH)/sekretess";
			};
			name = Debug;
		};
		4A95223B2E81B09400355F69 /* Release */ = {
			isa = XCBuildConfiguration;
			buildSettings = {
				BUNDLE_LOADER = "$(TEST_HOST)";
				CODE_SIGN_STYLE = Automatic;
				CURRENT_PROJECT_VERSION = 1;
				GENERATE_INFOPLIST_FILE = YES;
				IPHONEOS_DEPLOYMENT_TARGET = 26.0;
				MARKETING_VERSION = 1.0;
				PRODUCT_BUNDLE_IDENTIFIER = io.sekretessTests;
				PRODUCT_NAME = "$(TARGET_NAME)";
				STRING_CATALOG_GENERATE_SYMBOLS = NO;
				SWIFT_APPROACHABLE_CONCURRENCY = YES;
				SWIFT_EMIT_LOC_STRINGS = NO;
				SWIFT_UPCOMING_FEATURE_MEMBER_IMPORT_VISIBILITY = YES;
				SWIFT_VERSION = 5.0;
				TARGETED_DEVICE_FAMILY = "1,2";
				TEST_HOST = "$(BUILT_PRODUCTS_DIR)/sekretess.app/$(BUNDLE_EXECUTABLE_FOLDER_PATH)/sekretess";
			};
			name = Release;
		};
		4A95223D2E81B09400355F69 /* Debug */ = {
			isa = XCBuildConfiguration;
			buildSettings = {
				CODE_SIGN_STYLE = Automatic;
				CURRENT_PROJECT_VERSION = 1;
				GENERATE_INFOPLIST_FILE = YES;
				MARKETING_VERSION = 1.0;
				PRODUCT_BUNDLE_IDENTIFIER = io.sekretessUITests;
				PRODUCT_NAME = "$(TARGET_NAME)";
				STRING_CATALOG_GENERATE_SYMBOLS = NO;
				SWIFT_APPROACHABLE_CONCURRENCY = YES;
				SWIFT_EMIT_LOC_STRINGS = NO;
				SWIFT_UPCOMING_FEATURE_MEMBER_IMPORT_VISIBILITY = YES;
				SWIFT_VERSION = 5.0;
				TARGETED_DEVICE_FAMILY = "1,2";
				TEST_TARGET_NAME = sekretess;
			};
			name = Debug;
		};
		4A95223E2E81B09400355F69 /* Release */ = {
			isa = XCBuildConfiguration;
			buildSettings = {
				CODE_SIGN_STYLE = Automatic;
				CURRENT_PROJECT_VERSION = 1;
				GENERATE_INFOPLIST_FILE = YES;
				MARKETING_VERSION = 1.0;
				PRODUCT_BUNDLE_IDENTIFIER = io.sekretessUITests;
				PRODUCT_NAME = "$(TARGET_NAME)";
				STRING_CATALOG_GENERATE_SYMBOLS = NO;
				SWIFT_APPROACHABLE_CONCURRENCY = YES;
				SWIFT_EMIT_LOC_STRINGS = NO;
				SWIFT_UPCOMING_FEATURE_MEMBER_IMPORT_VISIBILITY = YES;
				SWIFT_VERSION = 5.0;
				TARGETED_DEVICE_FAMILY = "1,2";
				TEST_TARGET_NAME = sekretess;
			};
			name = Release;
		};
/* End XCBuildConfiguration section */

/* Begin XCConfigurationList section */
		4A9522062E81B09300355F69 /* Build configuration list for PBXProject "sekretess" */ = {
			isa = XCConfigurationList;
			buildConfigurations = (
				4A9522372E81B09400355F69 /* Debug */,
				4A9522382E81B09400355F69 /* Release */,
			);
			defaultConfigurationIsVisible = 0;
			defaultConfigurationName = Release;
		};
		4A9522342E81B09400355F69 /* Build configuration list for PBXNativeTarget "sekretess" */ = {
			isa = XCConfigurationList;
			buildConfigurations = (
				4A9522352E81B09400355F69 /* Debug */,
				4A9522362E81B09400355F69 /* Release */,
			);
			defaultConfigurationIsVisible = 0;
			defaultConfigurationName = Release;
		};
		4A9522392E81B09400355F69 /* Build configuration list for PBXNativeTarget "sekretessTests" */ = {
			isa = XCConfigurationList;
			buildConfigurations = (
				4A95223A2E81B09400355F69 /* Debug */,
				4A95223B2E81B09400355F69 /* Release */,
			);
			defaultConfigurationIsVisible = 0;
			defaultConfigurationName = Release;
		};
		4A95223C2E81B09400355F69 /* Build configuration list for PBXNativeTarget "sekretessUITests" */ = {
			isa = XCConfigurationList;
			buildConfigurations = (
				4A95223D2E81B09400355F69 /* Debug */,
				4A95223E2E81B09400355F69 /* Release */,
			);
			defaultConfigurationIsVisible = 0;
			defaultConfigurationName = Release;
		};
/* End XCConfigurationList section */

/* Begin XCRemoteSwiftPackageReference section */
		4AEBEBB92E983696007DE798 /* XCRemoteSwiftPackageReference "AppAuth-iOS" */ = {
			isa = XCRemoteSwiftPackageReference;
			repositoryURL = "https://github.com/openid/AppAuth-iOS";
			requirement = {
				kind = upToNextMajorVersion;
				minimumVersion = 2.0.0;
			};
		};
/* End XCRemoteSwiftPackageReference section */

/* Begin XCSwiftPackageProductDependency section */
		4AEBEBBA2E9836C2007DE798 /* AppAuth */ = {
			isa = XCSwiftPackageProductDependency;
			package = 4AEBEBB92E983696007DE798 /* XCRemoteSwiftPackageReference "AppAuth-iOS" */;
			productName = AppAuth;
		};
		4AEBEBBC2E9836C2007DE798 /* AppAuthCore */ = {
			isa = XCSwiftPackageProductDependency;
			package = 4AEBEBB92E983696007DE798 /* XCRemoteSwiftPackageReference "AppAuth-iOS" */;
			productName = AppAuthCore;
		};
/* End XCSwiftPackageProductDependency section */
	};
	rootObject = 4A9522032E81B09300355F69 /* Project object */;
}
